// !$*UTF8*$!
{
	archiveVersion = 1;
	classes = {
	};
	objectVersion = 56;
	objects = {

/* Begin PBXBuildFile section */
		AC00E66C2BCAD14A00CB4496 /* HistoryItem+CoreDataClass.swift in Sources */ = {isa = PBXBuildFile; fileRef = AC00E66A2BCAD14A00CB4496 /* HistoryItem+CoreDataClass.swift */; };
		AC00E66D2BCAD14A00CB4496 /* HistoryItem+CoreDataProperties.swift in Sources */ = {isa = PBXBuildFile; fileRef = AC00E66B2BCAD14A00CB4496 /* HistoryItem+CoreDataProperties.swift */; };
		AC00E66F2BCAD31500CB4496 /* HistoryTableViewCell.swift in Sources */ = {isa = PBXBuildFile; fileRef = AC00E66E2BCAD31500CB4496 /* HistoryTableViewCell.swift */; };
		AC00E6712BCAE58600CB4496 /* SaveSearch.swift in Sources */ = {isa = PBXBuildFile; fileRef = AC00E6702BCAE58600CB4496 /* SaveSearch.swift */; };
		AC0E58802BC1133B0014B5B9 /* AppDelegate.swift in Sources */ = {isa = PBXBuildFile; fileRef = AC0E587F2BC1133B0014B5B9 /* AppDelegate.swift */; };
		AC0E58822BC1133B0014B5B9 /* SceneDelegate.swift in Sources */ = {isa = PBXBuildFile; fileRef = AC0E58812BC1133B0014B5B9 /* SceneDelegate.swift */; };
		AC0E58842BC1133B0014B5B9 /* ViewController.swift in Sources */ = {isa = PBXBuildFile; fileRef = AC0E58832BC1133B0014B5B9 /* ViewController.swift */; };
		AC0E58872BC1133B0014B5B9 /* Main.storyboard in Resources */ = {isa = PBXBuildFile; fileRef = AC0E58852BC1133B0014B5B9 /* Main.storyboard */; };
		AC0E588A2BC1133B0014B5B9 /* Daniil_Paskal_FE_9000409.xcdatamodeld in Sources */ = {isa = PBXBuildFile; fileRef = AC0E58882BC1133B0014B5B9 /* Daniil_Paskal_FE_9000409.xcdatamodeld */; };
		AC0E588C2BC1133C0014B5B9 /* Assets.xcassets in Resources */ = {isa = PBXBuildFile; fileRef = AC0E588B2BC1133C0014B5B9 /* Assets.xcassets */; };
		AC0E588F2BC1133C0014B5B9 /* LaunchScreen.storyboard in Resources */ = {isa = PBXBuildFile; fileRef = AC0E588D2BC1133C0014B5B9 /* LaunchScreen.storyboard */; };
		AC0E589A2BC11DCE0014B5B9 /* Weather.swift in Sources */ = {isa = PBXBuildFile; fileRef = AC0E58992BC11DCE0014B5B9 /* Weather.swift */; };
		AC0E589C2BC11E370014B5B9 /* WeatherView.swift in Sources */ = {isa = PBXBuildFile; fileRef = AC0E589B2BC11E370014B5B9 /* WeatherView.swift */; };
		AC811D2F2BC68B1A00E01063 /* DirectionsView.swift in Sources */ = {isa = PBXBuildFile; fileRef = AC811D2E2BC68B1A00E01063 /* DirectionsView.swift */; };
		ACB6FB7C2BC6856F00A1C75A /* News.swift in Sources */ = {isa = PBXBuildFile; fileRef = ACB6FB7B2BC6856F00A1C75A /* News.swift */; };
		ACB6FB7E2BC6858700A1C75A /* NewsView.swift in Sources */ = {isa = PBXBuildFile; fileRef = ACB6FB7D2BC6858700A1C75A /* NewsView.swift */; };
		ACB6FB802BC688BB00A1C75A /* NewsTableViewCell.swift in Sources */ = {isa = PBXBuildFile; fileRef = ACB6FB7F2BC688BB00A1C75A /* NewsTableViewCell.swift */; };
		ACDA8ABA2BCA273600961790 /* HistoryView.swift in Sources */ = {isa = PBXBuildFile; fileRef = ACDA8AB92BCA273600961790 /* HistoryView.swift */; };
		ACDA8ABC2BCA326800961790 /* Location.swift in Sources */ = {isa = PBXBuildFile; fileRef = ACDA8ABB2BCA326800961790 /* Location.swift */; };
/* End PBXBuildFile section */

/* Begin PBXFileReference section */
		AC00E66A2BCAD14A00CB4496 /* HistoryItem+CoreDataClass.swift */ = {isa = PBXFileReference; lastKnownFileType = sourcecode.swift; path = "HistoryItem+CoreDataClass.swift"; sourceTree = "<group>"; };
		AC00E66B2BCAD14A00CB4496 /* HistoryItem+CoreDataProperties.swift */ = {isa = PBXFileReference; lastKnownFileType = sourcecode.swift; path = "HistoryItem+CoreDataProperties.swift"; sourceTree = "<group>"; };
		AC00E66E2BCAD31500CB4496 /* HistoryTableViewCell.swift */ = {isa = PBXFileReference; lastKnownFileType = sourcecode.swift; path = HistoryTableViewCell.swift; sourceTree = "<group>"; };
		AC00E6702BCAE58600CB4496 /* SaveSearch.swift */ = {isa = PBXFileReference; lastKnownFileType = sourcecode.swift; path = SaveSearch.swift; sourceTree = "<group>"; };
		AC0E587C2BC1133B0014B5B9 /* Daniil_Paskal_FE_9000409.app */ = {isa = PBXFileReference; explicitFileType = wrapper.application; includeInIndex = 0; path = Daniil_Paskal_FE_9000409.app; sourceTree = BUILT_PRODUCTS_DIR; };
		AC0E587F2BC1133B0014B5B9 /* AppDelegate.swift */ = {isa = PBXFileReference; lastKnownFileType = sourcecode.swift; path = AppDelegate.swift; sourceTree = "<group>"; };
		AC0E58812BC1133B0014B5B9 /* SceneDelegate.swift */ = {isa = PBXFileReference; lastKnownFileType = sourcecode.swift; path = SceneDelegate.swift; sourceTree = "<group>"; };
		AC0E58832BC1133B0014B5B9 /* ViewController.swift */ = {isa = PBXFileReference; lastKnownFileType = sourcecode.swift; path = ViewController.swift; sourceTree = "<group>"; };
		AC0E58862BC1133B0014B5B9 /* Base */ = {isa = PBXFileReference; lastKnownFileType = file.storyboard; name = Base; path = Base.lproj/Main.storyboard; sourceTree = "<group>"; };
		AC0E58892BC1133B0014B5B9 /* Daniil_Paskal_FE_9000409.xcdatamodel */ = {isa = PBXFileReference; lastKnownFileType = wrapper.xcdatamodel; path = Daniil_Paskal_FE_9000409.xcdatamodel; sourceTree = "<group>"; };
		AC0E588B2BC1133C0014B5B9 /* Assets.xcassets */ = {isa = PBXFileReference; lastKnownFileType = folder.assetcatalog; path = Assets.xcassets; sourceTree = "<group>"; };
		AC0E588E2BC1133C0014B5B9 /* Base */ = {isa = PBXFileReference; lastKnownFileType = file.storyboard; name = Base; path = Base.lproj/LaunchScreen.storyboard; sourceTree = "<group>"; };
		AC0E58902BC1133C0014B5B9 /* Info.plist */ = {isa = PBXFileReference; lastKnownFileType = text.plist.xml; path = Info.plist; sourceTree = "<group>"; };
		AC0E58992BC11DCE0014B5B9 /* Weather.swift */ = {isa = PBXFileReference; lastKnownFileType = sourcecode.swift; path = Weather.swift; sourceTree = "<group>"; };
		AC0E589B2BC11E370014B5B9 /* WeatherView.swift */ = {isa = PBXFileReference; lastKnownFileType = sourcecode.swift; path = WeatherView.swift; sourceTree = "<group>"; };
		AC811D2E2BC68B1A00E01063 /* DirectionsView.swift */ = {isa = PBXFileReference; lastKnownFileType = sourcecode.swift; path = DirectionsView.swift; sourceTree = "<group>"; };
		ACB6FB7B2BC6856F00A1C75A /* News.swift */ = {isa = PBXFileReference; lastKnownFileType = sourcecode.swift; path = News.swift; sourceTree = "<group>"; };
		ACB6FB7D2BC6858700A1C75A /* NewsView.swift */ = {isa = PBXFileReference; lastKnownFileType = sourcecode.swift; path = NewsView.swift; sourceTree = "<group>"; };
		ACB6FB7F2BC688BB00A1C75A /* NewsTableViewCell.swift */ = {isa = PBXFileReference; lastKnownFileType = sourcecode.swift; path = NewsTableViewCell.swift; sourceTree = "<group>"; };
		ACDA8AB92BCA273600961790 /* HistoryView.swift */ = {isa = PBXFileReference; lastKnownFileType = sourcecode.swift; path = HistoryView.swift; sourceTree = "<group>"; };
		ACDA8ABB2BCA326800961790 /* Location.swift */ = {isa = PBXFileReference; lastKnownFileType = sourcecode.swift; path = Location.swift; sourceTree = "<group>"; };
/* End PBXFileReference section */

/* Begin PBXFrameworksBuildPhase section */
		AC0E58792BC1133B0014B5B9 /* Frameworks */ = {
			isa = PBXFrameworksBuildPhase;
			buildActionMask = 2147483647;
			files = (
			);
			runOnlyForDeploymentPostprocessing = 0;
		};
/* End PBXFrameworksBuildPhase section */

/* Begin PBXGroup section */
		AC0E58732BC1133B0014B5B9 = {
			isa = PBXGroup;
			children = (
				AC0E587E2BC1133B0014B5B9 /* Daniil_Paskal_FE_9000409 */,
				AC0E587D2BC1133B0014B5B9 /* Products */,
			);
			sourceTree = "<group>";
		};
		AC0E587D2BC1133B0014B5B9 /* Products */ = {
			isa = PBXGroup;
			children = (
				AC0E587C2BC1133B0014B5B9 /* Daniil_Paskal_FE_9000409.app */,
			);
			name = Products;
			sourceTree = "<group>";
		};
		AC0E587E2BC1133B0014B5B9 /* Daniil_Paskal_FE_9000409 */ = {
			isa = PBXGroup;
			children = (
				AC0E587F2BC1133B0014B5B9 /* AppDelegate.swift */,
				AC0E58812BC1133B0014B5B9 /* SceneDelegate.swift */,
				AC0E58832BC1133B0014B5B9 /* ViewController.swift */,
				AC0E58852BC1133B0014B5B9 /* Main.storyboard */,
				AC0E588B2BC1133C0014B5B9 /* Assets.xcassets */,
				AC0E588D2BC1133C0014B5B9 /* LaunchScreen.storyboard */,
				AC0E58902BC1133C0014B5B9 /* Info.plist */,
				AC0E58882BC1133B0014B5B9 /* Daniil_Paskal_FE_9000409.xcdatamodeld */,
				AC00E66A2BCAD14A00CB4496 /* HistoryItem+CoreDataClass.swift */,
				AC00E66B2BCAD14A00CB4496 /* HistoryItem+CoreDataProperties.swift */,
				ACDA8ABB2BCA326800961790 /* Location.swift */,
				AC00E6702BCAE58600CB4496 /* SaveSearch.swift */,
				ACDA8AB92BCA273600961790 /* HistoryView.swift */,
				AC00E66E2BCAD31500CB4496 /* HistoryTableViewCell.swift */,
				ACB6FB7B2BC6856F00A1C75A /* News.swift */,
				ACB6FB7D2BC6858700A1C75A /* NewsView.swift */,
				ACB6FB7F2BC688BB00A1C75A /* NewsTableViewCell.swift */,
				AC811D2E2BC68B1A00E01063 /* DirectionsView.swift */,
				AC0E58992BC11DCE0014B5B9 /* Weather.swift */,
				AC0E589B2BC11E370014B5B9 /* WeatherView.swift */,
			);
			path = Daniil_Paskal_FE_9000409;
			sourceTree = "<group>";
		};
/* End PBXGroup section */

/* Begin PBXNativeTarget section */
		AC0E587B2BC1133B0014B5B9 /* Daniil_Paskal_FE_9000409 */ = {
			isa = PBXNativeTarget;
			buildConfigurationList = AC0E58932BC1133C0014B5B9 /* Build configuration list for PBXNativeTarget "Daniil_Paskal_FE_9000409" */;
			buildPhases = (
				AC0E58782BC1133B0014B5B9 /* Sources */,
				AC0E58792BC1133B0014B5B9 /* Frameworks */,
				AC0E587A2BC1133B0014B5B9 /* Resources */,
			);
			buildRules = (
			);
			dependencies = (
			);
			name = Daniil_Paskal_FE_9000409;
			productName = Daniil_Paskal_FE_9000409;
			productReference = AC0E587C2BC1133B0014B5B9 /* Daniil_Paskal_FE_9000409.app */;
			productType = "com.apple.product-type.application";
		};
/* End PBXNativeTarget section */

/* Begin PBXProject section */
		AC0E58742BC1133B0014B5B9 /* Project object */ = {
			isa = PBXProject;
			attributes = {
				BuildIndependentTargetsInParallel = 1;
				LastSwiftUpdateCheck = 1520;
				LastUpgradeCheck = 1520;
				TargetAttributes = {
					AC0E587B2BC1133B0014B5B9 = {
						CreatedOnToolsVersion = 15.2;
					};
				};
			};
			buildConfigurationList = AC0E58772BC1133B0014B5B9 /* Build configuration list for PBXProject "Daniil_Paskal_FE_9000409" */;
			compatibilityVersion = "Xcode 14.0";
			developmentRegion = en;
			hasScannedForEncodings = 0;
			knownRegions = (
				en,
				Base,
			);
			mainGroup = AC0E58732BC1133B0014B5B9;
			productRefGroup = AC0E587D2BC1133B0014B5B9 /* Products */;
			projectDirPath = "";
			projectRoot = "";
			targets = (
				AC0E587B2BC1133B0014B5B9 /* Daniil_Paskal_FE_9000409 */,
			);
		};
/* End PBXProject section */

/* Begin PBXResourcesBuildPhase section */
		AC0E587A2BC1133B0014B5B9 /* Resources */ = {
			isa = PBXResourcesBuildPhase;
			buildActionMask = 2147483647;
			files = (
				AC0E588F2BC1133C0014B5B9 /* LaunchScreen.storyboard in Resources */,
				AC0E588C2BC1133C0014B5B9 /* Assets.xcassets in Resources */,
				AC0E58872BC1133B0014B5B9 /* Main.storyboard in Resources */,
			);
			runOnlyForDeploymentPostprocessing = 0;
		};
/* End PBXResourcesBuildPhase section */

/* Begin PBXSourcesBuildPhase section */
		AC0E58782BC1133B0014B5B9 /* Sources */ = {
			isa = PBXSourcesBuildPhase;
			buildActionMask = 2147483647;
			files = (
				AC00E6712BCAE58600CB4496 /* SaveSearch.swift in Sources */,
				ACDA8ABA2BCA273600961790 /* HistoryView.swift in Sources */,
				ACB6FB802BC688BB00A1C75A /* NewsTableViewCell.swift in Sources */,
				AC0E588A2BC1133B0014B5B9 /* Daniil_Paskal_FE_9000409.xcdatamodeld in Sources */,
				AC00E66D2BCAD14A00CB4496 /* HistoryItem+CoreDataProperties.swift in Sources */,
				ACB6FB7E2BC6858700A1C75A /* NewsView.swift in Sources */,
				ACB6FB7C2BC6856F00A1C75A /* News.swift in Sources */,
				ACDA8ABC2BCA326800961790 /* Location.swift in Sources */,
				AC0E58842BC1133B0014B5B9 /* ViewController.swift in Sources */,
				AC0E58802BC1133B0014B5B9 /* AppDelegate.swift in Sources */,
				AC00E66F2BCAD31500CB4496 /* HistoryTableViewCell.swift in Sources */,
				AC0E589A2BC11DCE0014B5B9 /* Weather.swift in Sources */,
				AC00E66C2BCAD14A00CB4496 /* HistoryItem+CoreDataClass.swift in Sources */,
				AC0E589C2BC11E370014B5B9 /* WeatherView.swift in Sources */,
				AC811D2F2BC68B1A00E01063 /* DirectionsView.swift in Sources */,
				AC0E58822BC1133B0014B5B9 /* SceneDelegate.swift in Sources */,
			);
			runOnlyForDeploymentPostprocessing = 0;
		};
/* End PBXSourcesBuildPhase section */

/* Begin PBXVariantGroup section */
		AC0E58852BC1133B0014B5B9 /* Main.storyboard */ = {
			isa = PBXVariantGroup;
			children = (
				AC0E58862BC1133B0014B5B9 /* Base */,
			);
			name = Main.storyboard;
			sourceTree = "<group>";
		};
		AC0E588D2BC1133C0014B5B9 /* LaunchScreen.storyboard */ = {
			isa = PBXVariantGroup;
			children = (
				AC0E588E2BC1133C0014B5B9 /* Base */,
			);
			name = LaunchScreen.storyboard;
			sourceTree = "<group>";
		};
/* End PBXVariantGroup section */

/* Begin XCBuildConfiguration section */
		AC0E58912BC1133C0014B5B9 /* Debug */ = {
			isa = XCBuildConfiguration;
			buildSettings = {
				ALWAYS_SEARCH_USER_PATHS = NO;
				ASSETCATALOG_COMPILER_GENERATE_SWIFT_ASSET_SYMBOL_EXTENSIONS = YES;
				CLANG_ANALYZER_NONNULL = YES;
				CLANG_ANALYZER_NUMBER_OBJECT_CONVERSION = YES_AGGRESSIVE;
				CLANG_CXX_LANGUAGE_STANDARD = "gnu++20";
				CLANG_ENABLE_MODULES = YES;
				CLANG_ENABLE_OBJC_ARC = YES;
				CLANG_ENABLE_OBJC_WEAK = YES;
				CLANG_WARN_BLOCK_CAPTURE_AUTORELEASING = YES;
				CLANG_WARN_BOOL_CONVERSION = YES;
				CLANG_WARN_COMMA = YES;
				CLANG_WARN_CONSTANT_CONVERSION = YES;
				CLANG_WARN_DEPRECATED_OBJC_IMPLEMENTATIONS = YES;
				CLANG_WARN_DIRECT_OBJC_ISA_USAGE = YES_ERROR;
				CLANG_WARN_DOCUMENTATION_COMMENTS = YES;
				CLANG_WARN_EMPTY_BODY = YES;
				CLANG_WARN_ENUM_CONVERSION = YES;
				CLANG_WARN_INFINITE_RECURSION = YES;
				CLANG_WARN_INT_CONVERSION = YES;
				CLANG_WARN_NON_LITERAL_NULL_CONVERSION = YES;
				CLANG_WARN_OBJC_IMPLICIT_RETAIN_SELF = YES;
				CLANG_WARN_OBJC_LITERAL_CONVERSION = YES;
				CLANG_WARN_OBJC_ROOT_CLASS = YES_ERROR;
				CLANG_WARN_QUOTED_INCLUDE_IN_FRAMEWORK_HEADER = YES;
				CLANG_WARN_RANGE_LOOP_ANALYSIS = YES;
				CLANG_WARN_STRICT_PROTOTYPES = YES;
				CLANG_WARN_SUSPICIOUS_MOVE = YES;
				CLANG_WARN_UNGUARDED_AVAILABILITY = YES_AGGRESSIVE;
				CLANG_WARN_UNREACHABLE_CODE = YES;
				CLANG_WARN__DUPLICATE_METHOD_MATCH = YES;
				COPY_PHASE_STRIP = NO;
				DEBUG_INFORMATION_FORMAT = dwarf;
				ENABLE_STRICT_OBJC_MSGSEND = YES;
				ENABLE_TESTABILITY = YES;
				ENABLE_USER_SCRIPT_SANDBOXING = YES;
				GCC_C_LANGUAGE_STANDARD = gnu17;
				GCC_DYNAMIC_NO_PIC = NO;
				GCC_NO_COMMON_BLOCKS = YES;
				GCC_OPTIMIZATION_LEVEL = 0;
				GCC_PREPROCESSOR_DEFINITIONS = (
					"DEBUG=1",
					"$(inherited)",
				);
				GCC_WARN_64_TO_32_BIT_CONVERSION = YES;
				GCC_WARN_ABOUT_RETURN_TYPE = YES_ERROR;
				GCC_WARN_UNDECLARED_SELECTOR = YES;
				GCC_WARN_UNINITIALIZED_AUTOS = YES_AGGRESSIVE;
				GCC_WARN_UNUSED_FUNCTION = YES;
				GCC_WARN_UNUSED_VARIABLE = YES;
				IPHONEOS_DEPLOYMENT_TARGET = 17.2;
				LOCALIZATION_PREFERS_STRING_CATALOGS = YES;
				MTL_ENABLE_DEBUG_INFO = INCLUDE_SOURCE;
				MTL_FAST_MATH = YES;
				ONLY_ACTIVE_ARCH = YES;
				SDKROOT = iphoneos;
				SWIFT_ACTIVE_COMPILATION_CONDITIONS = "DEBUG $(inherited)";
				SWIFT_OPTIMIZATION_LEVEL = "-Onone";
			};
			name = Debug;
		};
		AC0E58922BC1133C0014B5B9 /* Release */ = {
			isa = XCBuildConfiguration;
			buildSettings = {
				ALWAYS_SEARCH_USER_PATHS = NO;
				ASSETCATALOG_COMPILER_GENERATE_SWIFT_ASSET_SYMBOL_EXTENSIONS = YES;
				CLANG_ANALYZER_NONNULL = YES;
				CLANG_ANALYZER_NUMBER_OBJECT_CONVERSION = YES_AGGRESSIVE;
				CLANG_CXX_LANGUAGE_STANDARD = "gnu++20";
				CLANG_ENABLE_MODULES = YES;
				CLANG_ENABLE_OBJC_ARC = YES;
				CLANG_ENABLE_OBJC_WEAK = YES;
				CLANG_WARN_BLOCK_CAPTURE_AUTORELEASING = YES;
				CLANG_WARN_BOOL_CONVERSION = YES;
				CLANG_WARN_COMMA = YES;
				CLANG_WARN_CONSTANT_CONVERSION = YES;
				CLANG_WARN_DEPRECATED_OBJC_IMPLEMENTATIONS = YES;
				CLANG_WARN_DIRECT_OBJC_ISA_USAGE = YES_ERROR;
				CLANG_WARN_DOCUMENTATION_COMMENTS = YES;
				CLANG_WARN_EMPTY_BODY = YES;
				CLANG_WARN_ENUM_CONVERSION = YES;
				CLANG_WARN_INFINITE_RECURSION = YES;
				CLANG_WARN_INT_CONVERSION = YES;
				CLANG_WARN_NON_LITERAL_NULL_CONVERSION = YES;
				CLANG_WARN_OBJC_IMPLICIT_RETAIN_SELF = YES;
				CLANG_WARN_OBJC_LITERAL_CONVERSION = YES;
				CLANG_WARN_OBJC_ROOT_CLASS = YES_ERROR;
				CLANG_WARN_QUOTED_INCLUDE_IN_FRAMEWORK_HEADER = YES;
				CLANG_WARN_RANGE_LOOP_ANALYSIS = YES;
				CLANG_WARN_STRICT_PROTOTYPES = YES;
				CLANG_WARN_SUSPICIOUS_MOVE = YES;
				CLANG_WARN_UNGUARDED_AVAILABILITY = YES_AGGRESSIVE;
				CLANG_WARN_UNREACHABLE_CODE = YES;
				CLANG_WARN__DUPLICATE_METHOD_MATCH = YES;
				COPY_PHASE_STRIP = NO;
				DEBUG_INFORMATION_FORMAT = "dwarf-with-dsym";
				ENABLE_NS_ASSERTIONS = NO;
				ENABLE_STRICT_OBJC_MSGSEND = YES;
				ENABLE_USER_SCRIPT_SANDBOXING = YES;
				GCC_C_LANGUAGE_STANDARD = gnu17;
				GCC_NO_COMMON_BLOCKS = YES;
				GCC_WARN_64_TO_32_BIT_CONVERSION = YES;
				GCC_WARN_ABOUT_RETURN_TYPE = YES_ERROR;
				GCC_WARN_UNDECLARED_SELECTOR = YES;
				GCC_WARN_UNINITIALIZED_AUTOS = YES_AGGRESSIVE;
				GCC_WARN_UNUSED_FUNCTION = YES;
				GCC_WARN_UNUSED_VARIABLE = YES;
				IPHONEOS_DEPLOYMENT_TARGET = 17.2;
				LOCALIZATION_PREFERS_STRING_CATALOGS = YES;
				MTL_ENABLE_DEBUG_INFO = NO;
				MTL_FAST_MATH = YES;
				SDKROOT = iphoneos;
				SWIFT_COMPILATION_MODE = wholemodule;
				VALIDATE_PRODUCT = YES;
			};
			name = Release;
		};
		AC0E58942BC1133C0014B5B9 /* Debug */ = {
			isa = XCBuildConfiguration;
			buildSettings = {
				ASSETCATALOG_COMPILER_APPICON_NAME = AppIcon;
				ASSETCATALOG_COMPILER_GLOBAL_ACCENT_COLOR_NAME = AccentColor;
				CODE_SIGN_STYLE = Automatic;
				CURRENT_PROJECT_VERSION = 1;
				DEVELOPMENT_TEAM = 5G3KHL297U;
				GENERATE_INFOPLIST_FILE = YES;
				INFOPLIST_FILE = Daniil_Paskal_FE_9000409/Info.plist;
				INFOPLIST_KEY_UIApplicationSupportsIndirectInputEvents = YES;
				INFOPLIST_KEY_UILaunchStoryboardName = LaunchScreen;
				INFOPLIST_KEY_UIMainStoryboardFile = Main;
				INFOPLIST_KEY_UISupportedInterfaceOrientations = UIInterfaceOrientationPortrait;
				INFOPLIST_KEY_UISupportedInterfaceOrientations_iPad = "UIInterfaceOrientationLandscapeLeft UIInterfaceOrientationLandscapeRight UIInterfaceOrientationPortrait UIInterfaceOrientationPortraitUpsideDown";
				LD_RUNPATH_SEARCH_PATHS = (
					"$(inherited)",
					"@executable_path/Frameworks",
				);
				MARKETING_VERSION = 1.0;
				PRODUCT_BUNDLE_IDENTIFIER = "com.conestoga.Daniil-Paskal-FE-9000409";
				PRODUCT_NAME = "$(TARGET_NAME)";
				SWIFT_EMIT_LOC_STRINGS = YES;
				SWIFT_VERSION = 5.0;
				TARGETED_DEVICE_FAMILY = "1,2";
			};
			name = Debug;
		};
		AC0E58952BC1133C0014B5B9 /* Release */ = {
			isa = XCBuildConfiguration;
			buildSettings = {
				ASSETCATALOG_COMPILER_APPICON_NAME = AppIcon;
				ASSETCATALOG_COMPILER_GLOBAL_ACCENT_COLOR_NAME = AccentColor;
				CODE_SIGN_STYLE = Automatic;
				CURRENT_PROJECT_VERSION = 1;
				DEVELOPMENT_TEAM = 5G3KHL297U;
				GENERATE_INFOPLIST_FILE = YES;
				INFOPLIST_FILE = Daniil_Paskal_FE_9000409/Info.plist;
				INFOPLIST_KEY_UIApplicationSupportsIndirectInputEvents = YES;
				INFOPLIST_KEY_UILaunchStoryboardName = LaunchScreen;
				INFOPLIST_KEY_UIMainStoryboardFile = Main;
				INFOPLIST_KEY_UISupportedInterfaceOrientations = UIInterfaceOrientationPortrait;
				INFOPLIST_KEY_UISupportedInterfaceOrientations_iPad = "UIInterfaceOrientationLandscapeLeft UIInterfaceOrientationLandscapeRight UIInterfaceOrientationPortrait UIInterfaceOrientationPortraitUpsideDown";
				LD_RUNPATH_SEARCH_PATHS = (
					"$(inherited)",
					"@executable_path/Frameworks",
				);
				MARKETING_VERSION = 1.0;
				PRODUCT_BUNDLE_IDENTIFIER = "com.conestoga.Daniil-Paskal-FE-9000409";
				PRODUCT_NAME = "$(TARGET_NAME)";
				SWIFT_EMIT_LOC_STRINGS = YES;
				SWIFT_VERSION = 5.0;
				TARGETED_DEVICE_FAMILY = "1,2";
			};
			name = Release;
		};
/* End XCBuildConfiguration section */

/* Begin XCConfigurationList section */
		AC0E58772BC1133B0014B5B9 /* Build configuration list for PBXProject "Daniil_Paskal_FE_9000409" */ = {
			isa = XCConfigurationList;
			buildConfigurations = (
				AC0E58912BC1133C0014B5B9 /* Debug */,
				AC0E58922BC1133C0014B5B9 /* Release */,
			);
			defaultConfigurationIsVisible = 0;
			defaultConfigurationName = Release;
		};
		AC0E58932BC1133C0014B5B9 /* Build configuration list for PBXNativeTarget "Daniil_Paskal_FE_9000409" */ = {
			isa = XCConfigurationList;
			buildConfigurations = (
				AC0E58942BC1133C0014B5B9 /* Debug */,
				AC0E58952BC1133C0014B5B9 /* Release */,
			);
			defaultConfigurationIsVisible = 0;
			defaultConfigurationName = Release;
		};
/* End XCConfigurationList section */

/* Begin XCVersionGroup section */
		AC0E58882BC1133B0014B5B9 /* Daniil_Paskal_FE_9000409.xcdatamodeld */ = {
			isa = XCVersionGroup;
			children = (
				AC0E58892BC1133B0014B5B9 /* Daniil_Paskal_FE_9000409.xcdatamodel */,
			);
			currentVersion = AC0E58892BC1133B0014B5B9 /* Daniil_Paskal_FE_9000409.xcdatamodel */;
			path = Daniil_Paskal_FE_9000409.xcdatamodeld;
			sourceTree = "<group>";
			versionGroupType = wrapper.xcdatamodel;
		};
/* End XCVersionGroup section */
	};
	rootObject = AC0E58742BC1133B0014B5B9 /* Project object */;
}
